// !$*UTF8*$!
{
	archiveVersion = 1;
	classes = {
	};
	objectVersion = 46;
	objects = {

/* Begin PBXBuildFile section */
		544B7CBA19B41A5A00888E3E /* Foundation.framework in Frameworks */ = {isa = PBXBuildFile; fileRef = 544B7CB419B41A5A00888E3E /* Foundation.framework */; };
		544B7CBB19B41A5A00888E3E /* GameKit.framework in Frameworks */ = {isa = PBXBuildFile; fileRef = 544B7CB519B41A5A00888E3E /* GameKit.framework */; };
		544B7CBC19B41A5A00888E3E /* GLKit.framework in Frameworks */ = {isa = PBXBuildFile; fileRef = 544B7CB619B41A5A00888E3E /* GLKit.framework */; };
		544B7CBD19B41A5A00888E3E /* OpenAL.framework in Frameworks */ = {isa = PBXBuildFile; fileRef = 544B7CB719B41A5A00888E3E /* OpenAL.framework */; };
		544B7CBE19B41A5A00888E3E /* OpenGLES.framework in Frameworks */ = {isa = PBXBuildFile; fileRef = 544B7CB819B41A5A00888E3E /* OpenGLES.framework */; };
		544B7CBF19B41A5A00888E3E /* QuartzCore.framework in Frameworks */ = {isa = PBXBuildFile; fileRef = 544B7CB919B41A5A00888E3E /* QuartzCore.framework */; };
		54C1B6DC19C1135E00B2AE8A /* n0_InputEvents.cpp in Sources */ = {isa = PBXBuildFile; fileRef = 54C1B6C419C1135E00B2AE8A /* n0_InputEvents.cpp */; };
		54C1B6DD19C1135E00B2AE8A /* n0_Material.cpp in Sources */ = {isa = PBXBuildFile; fileRef = 54C1B6C519C1135E00B2AE8A /* n0_Material.cpp */; };
		54C1B6DE19C1135E00B2AE8A /* n0_MaterialManager.cpp in Sources */ = {isa = PBXBuildFile; fileRef = 54C1B6C619C1135E00B2AE8A /* n0_MaterialManager.cpp */; };
		54C1B6DF19C1135E00B2AE8A /* n0_mutex.cpp in Sources */ = {isa = PBXBuildFile; fileRef = 54C1B6C719C1135E00B2AE8A /* n0_mutex.cpp */; };
		54C1B6E019C1135E00B2AE8A /* n0_RefManager.cpp in Sources */ = {isa = PBXBuildFile; fileRef = 54C1B6C819C1135E00B2AE8A /* n0_RefManager.cpp */; };
		54C1B6E119C1135E00B2AE8A /* n0_Scene.cpp in Sources */ = {isa = PBXBuildFile; fileRef = 54C1B6C919C1135E00B2AE8A /* n0_Scene.cpp */; };
		54C1B6E319C1135E00B2AE8A /* n0_StaticBuffer.cpp in Sources */ = {isa = PBXBuildFile; fileRef = 54C1B6CB19C1135E00B2AE8A /* n0_StaticBuffer.cpp */; };
		54C1B6E419C1135E00B2AE8A /* n0_texture.cpp in Sources */ = {isa = PBXBuildFile; fileRef = 54C1B6CC19C1135E00B2AE8A /* n0_texture.cpp */; };
		54C1B6E519C1135E00B2AE8A /* n0_TextureManager.cpp in Sources */ = {isa = PBXBuildFile; fileRef = 54C1B6CD19C1135E00B2AE8A /* n0_TextureManager.cpp */; };
		54C1B6E619C1135E00B2AE8A /* n0_Types.cpp in Sources */ = {isa = PBXBuildFile; fileRef = 54C1B6CE19C1135E00B2AE8A /* n0_Types.cpp */; };
		54C1B6F719C1159C00B2AE8A /* libz.dylib in Frameworks */ = {isa = PBXBuildFile; fileRef = 54C1B6EF19C1159C00B2AE8A /* libz.dylib */; };
		54C1B6F819C1159C00B2AE8A /* MessageUI.framework in Frameworks */ = {isa = PBXBuildFile; fileRef = 54C1B6F019C1159C00B2AE8A /* MessageUI.framework */; };
		54C1B6F919C1159C00B2AE8A /* Security.framework in Frameworks */ = {isa = PBXBuildFile; fileRef = 54C1B6F119C1159C00B2AE8A /* Security.framework */; };
		54C1B6FA19C1159C00B2AE8A /* Social.framework in Frameworks */ = {isa = PBXBuildFile; fileRef = 54C1B6F219C1159C00B2AE8A /* Social.framework */; };
		54C1B6FB19C1159C00B2AE8A /* SpriteKit.framework in Frameworks */ = {isa = PBXBuildFile; fileRef = 54C1B6F319C1159C00B2AE8A /* SpriteKit.framework */; };
		54C1B6FC19C1159C00B2AE8A /* StoreKit.framework in Frameworks */ = {isa = PBXBuildFile; fileRef = 54C1B6F419C1159C00B2AE8A /* StoreKit.framework */; };
		54C1B6FD19C1159C00B2AE8A /* Twitter.framework in Frameworks */ = {isa = PBXBuildFile; fileRef = 54C1B6F519C1159C00B2AE8A /* Twitter.framework */; };
		54C1B6FE19C1159C00B2AE8A /* UIKit.framework in Frameworks */ = {isa = PBXBuildFile; fileRef = 54C1B6F619C1159C00B2AE8A /* UIKit.framework */; };
		54C1B71719C118F500B2AE8A /* png.c in Sources */ = {isa = PBXBuildFile; fileRef = 54C1B70119C118F500B2AE8A /* png.c */; };
		54C1B71819C118F500B2AE8A /* pngerror.c in Sources */ = {isa = PBXBuildFile; fileRef = 54C1B70519C118F500B2AE8A /* pngerror.c */; };
		54C1B71919C118F500B2AE8A /* pngget.c in Sources */ = {isa = PBXBuildFile; fileRef = 54C1B70619C118F500B2AE8A /* pngget.c */; };
		54C1B71A19C118F500B2AE8A /* pngmem.c in Sources */ = {isa = PBXBuildFile; fileRef = 54C1B70819C118F500B2AE8A /* pngmem.c */; };
		54C1B71B19C118F500B2AE8A /* pngpread.c in Sources */ = {isa = PBXBuildFile; fileRef = 54C1B70919C118F500B2AE8A /* pngpread.c */; };
		54C1B71C19C118F500B2AE8A /* pngread.c in Sources */ = {isa = PBXBuildFile; fileRef = 54C1B70B19C118F500B2AE8A /* pngread.c */; };
		54C1B71D19C118F500B2AE8A /* pngrio.c in Sources */ = {isa = PBXBuildFile; fileRef = 54C1B70C19C118F500B2AE8A /* pngrio.c */; };
		54C1B71E19C118F500B2AE8A /* pngrtran.c in Sources */ = {isa = PBXBuildFile; fileRef = 54C1B70D19C118F500B2AE8A /* pngrtran.c */; };
		54C1B71F19C118F500B2AE8A /* pngrutil.c in Sources */ = {isa = PBXBuildFile; fileRef = 54C1B70E19C118F500B2AE8A /* pngrutil.c */; };
		54C1B72019C118F500B2AE8A /* pngset.c in Sources */ = {isa = PBXBuildFile; fileRef = 54C1B70F19C118F500B2AE8A /* pngset.c */; };
		54C1B72119C118F500B2AE8A /* pngtest.c in Sources */ = {isa = PBXBuildFile; fileRef = 54C1B71119C118F500B2AE8A /* pngtest.c */; };
		54C1B72219C118F500B2AE8A /* pngtrans.c in Sources */ = {isa = PBXBuildFile; fileRef = 54C1B71219C118F500B2AE8A /* pngtrans.c */; };
		54C1B72319C118F500B2AE8A /* pngwio.c in Sources */ = {isa = PBXBuildFile; fileRef = 54C1B71319C118F500B2AE8A /* pngwio.c */; };
		54C1B72419C118F500B2AE8A /* pngwrite.c in Sources */ = {isa = PBXBuildFile; fileRef = 54C1B71419C118F500B2AE8A /* pngwrite.c */; };
		54C1B72519C118F500B2AE8A /* pngwtran.c in Sources */ = {isa = PBXBuildFile; fileRef = 54C1B71519C118F500B2AE8A /* pngwtran.c */; };
		54C1B72619C118F500B2AE8A /* pngwutil.c in Sources */ = {isa = PBXBuildFile; fileRef = 54C1B71619C118F500B2AE8A /* pngwutil.c */; };
/* End PBXBuildFile section */

/* Begin PBXCopyFilesBuildPhase section */
		544B7C4519B4192D00888E3E /* CopyFiles */ = {
			isa = PBXCopyFilesBuildPhase;
			buildActionMask = 2147483647;
			dstPath = "include/$(PRODUCT_NAME)";
			dstSubfolderSpec = 16;
			files = (
			);
			runOnlyForDeploymentPostprocessing = 0;
		};
/* End PBXCopyFilesBuildPhase section */

/* Begin PBXFileReference section */
		544B7C4719B4192D00888E3E /* libn0.a */ = {isa = PBXFileReference; explicitFileType = archive.ar; includeInIndex = 0; path = libn0.a; sourceTree = BUILT_PRODUCTS_DIR; };
		544B7CB419B41A5A00888E3E /* Foundation.framework */ = {isa = PBXFileReference; lastKnownFileType = wrapper.framework; name = Foundation.framework; path = System/Library/Frameworks/Foundation.framework; sourceTree = SDKROOT; };
		544B7CB519B41A5A00888E3E /* GameKit.framework */ = {isa = PBXFileReference; lastKnownFileType = wrapper.framework; name = GameKit.framework; path = System/Library/Frameworks/GameKit.framework; sourceTree = SDKROOT; };
		544B7CB619B41A5A00888E3E /* GLKit.framework */ = {isa = PBXFileReference; lastKnownFileType = wrapper.framework; name = GLKit.framework; path = System/Library/Frameworks/GLKit.framework; sourceTree = SDKROOT; };
		544B7CB719B41A5A00888E3E /* OpenAL.framework */ = {isa = PBXFileReference; lastKnownFileType = wrapper.framework; name = OpenAL.framework; path = System/Library/Frameworks/OpenAL.framework; sourceTree = SDKROOT; };
		544B7CB819B41A5A00888E3E /* OpenGLES.framework */ = {isa = PBXFileReference; lastKnownFileType = wrapper.framework; name = OpenGLES.framework; path = System/Library/Frameworks/OpenGLES.framework; sourceTree = SDKROOT; };
		544B7CB919B41A5A00888E3E /* QuartzCore.framework */ = {isa = PBXFileReference; lastKnownFileType = wrapper.framework; name = QuartzCore.framework; path = System/Library/Frameworks/QuartzCore.framework; sourceTree = SDKROOT; };
		54C1B69719C1135E00B2AE8A /* IDrawable.h */ = {isa = PBXFileReference; fileEncoding = 4; lastKnownFileType = sourcecode.c.h; path = IDrawable.h; sourceTree = "<group>"; };
		54C1B69819C1135E00B2AE8A /* IEventHandler.h */ = {isa = PBXFileReference; fileEncoding = 4; lastKnownFileType = sourcecode.c.h; path = IEventHandler.h; sourceTree = "<group>"; };
		54C1B69919C1135E00B2AE8A /* IEventListener.h */ = {isa = PBXFileReference; fileEncoding = 4; lastKnownFileType = sourcecode.c.h; path = IEventListener.h; sourceTree = "<group>"; };
		54C1B69A19C1135E00B2AE8A /* IUpdateable.h */ = {isa = PBXFileReference; fileEncoding = 4; lastKnownFileType = sourcecode.c.h; path = IUpdateable.h; sourceTree = "<group>"; };
		54C1B69B19C1135E00B2AE8A /* n0.h */ = {isa = PBXFileReference; fileEncoding = 4; lastKnownFileType = sourcecode.c.h; path = n0.h; sourceTree = "<group>"; };
		54C1B69C19C1135E00B2AE8A /* n0_AchievementManager.h */ = {isa = PBXFileReference; fileEncoding = 4; lastKnownFileType = sourcecode.c.h; path = n0_AchievementManager.h; sourceTree = "<group>"; };
		54C1B69D19C1135E00B2AE8A /* n0_AnimatedSprite.h */ = {isa = PBXFileReference; fileEncoding = 4; lastKnownFileType = sourcecode.c.h; path = n0_AnimatedSprite.h; sourceTree = "<group>"; };
		54C1B69E19C1135E00B2AE8A /* n0_Array.h */ = {isa = PBXFileReference; fileEncoding = 4; lastKnownFileType = sourcecode.c.h; path = n0_Array.h; sourceTree = "<group>"; };
		54C1B69F19C1135E00B2AE8A /* n0_Class.h */ = {isa = PBXFileReference; fileEncoding = 4; lastKnownFileType = sourcecode.c.h; path = n0_Class.h; sourceTree = "<group>"; };
		54C1B6A019C1135E00B2AE8A /* n0_Defines.h */ = {isa = PBXFileReference; fileEncoding = 4; lastKnownFileType = sourcecode.c.h; path = n0_Defines.h; sourceTree = "<group>"; };
		54C1B6A119C1135E00B2AE8A /* n0_DelayTimer.h */ = {isa = PBXFileReference; fileEncoding = 4; lastKnownFileType = sourcecode.c.h; path = n0_DelayTimer.h; sourceTree = "<group>"; };
		54C1B6A219C1135E00B2AE8A /* n0_Events.h */ = {isa = PBXFileReference; fileEncoding = 4; lastKnownFileType = sourcecode.c.h; path = n0_Events.h; sourceTree = "<group>"; };
		54C1B6A319C1135E00B2AE8A /* n0_File.h */ = {isa = PBXFileReference; fileEncoding = 4; lastKnownFileType = sourcecode.c.h; path = n0_File.h; sourceTree = "<group>"; };
		54C1B6A419C1135E00B2AE8A /* n0_graphics.h */ = {isa = PBXFileReference; fileEncoding = 4; lastKnownFileType = sourcecode.c.h; path = n0_graphics.h; sourceTree = "<group>"; };
		54C1B6A519C1135E00B2AE8A /* n0_InputEvents.h */ = {isa = PBXFileReference; fileEncoding = 4; lastKnownFileType = sourcecode.c.h; path = n0_InputEvents.h; sourceTree = "<group>"; };
		54C1B6A619C1135E00B2AE8A /* n0_Material.h */ = {isa = PBXFileReference; fileEncoding = 4; lastKnownFileType = sourcecode.c.h; path = n0_Material.h; sourceTree = "<group>"; };
		54C1B6A719C1135E00B2AE8A /* n0_MaterialManager.h */ = {isa = PBXFileReference; fileEncoding = 4; lastKnownFileType = sourcecode.c.h; path = n0_MaterialManager.h; sourceTree = "<group>"; };
		54C1B6A819C1135E00B2AE8A /* n0_Mutex.h */ = {isa = PBXFileReference; fileEncoding = 4; lastKnownFileType = sourcecode.c.h; path = n0_Mutex.h; sourceTree = "<group>"; };
		54C1B6A919C1135E00B2AE8A /* n0_platform.h */ = {isa = PBXFileReference; fileEncoding = 4; lastKnownFileType = sourcecode.c.h; path = n0_platform.h; sourceTree = "<group>"; };
		54C1B6AA19C1135E00B2AE8A /* n0_RefCounted.h */ = {isa = PBXFileReference; fileEncoding = 4; lastKnownFileType = sourcecode.c.h; path = n0_RefCounted.h; sourceTree = "<group>"; };
		54C1B6AB19C1135E00B2AE8A /* n0_scene.h */ = {isa = PBXFileReference; fileEncoding = 4; lastKnownFileType = sourcecode.c.h; path = n0_scene.h; sourceTree = "<group>"; };
		54C1B6AC19C1135E00B2AE8A /* n0_sprite.h */ = {isa = PBXFileReference; fileEncoding = 4; lastKnownFileType = sourcecode.c.h; path = n0_sprite.h; sourceTree = "<group>"; };
		54C1B6AD19C1135E00B2AE8A /* n0_StaticBuffer.h */ = {isa = PBXFileReference; fileEncoding = 4; lastKnownFileType = sourcecode.c.h; path = n0_StaticBuffer.h; sourceTree = "<group>"; };
		54C1B6AE19C1135E00B2AE8A /* n0_Texture.h */ = {isa = PBXFileReference; fileEncoding = 4; lastKnownFileType = sourcecode.c.h; path = n0_Texture.h; sourceTree = "<group>"; };
		54C1B6AF19C1135E00B2AE8A /* n0_TextureManager.h */ = {isa = PBXFileReference; fileEncoding = 4; lastKnownFileType = sourcecode.c.h; path = n0_TextureManager.h; sourceTree = "<group>"; };
		54C1B6B019C1135E00B2AE8A /* n0_types.h */ = {isa = PBXFileReference; fileEncoding = 4; lastKnownFileType = sourcecode.c.h; path = n0_types.h; sourceTree = "<group>"; };
		54C1B6B219C1135E00B2AE8A /* n0_android.h */ = {isa = PBXFileReference; fileEncoding = 4; lastKnownFileType = sourcecode.c.h; path = n0_android.h; sourceTree = "<group>"; };
		54C1B6B319C1135E00B2AE8A /* n0_iphone.h */ = {isa = PBXFileReference; fileEncoding = 4; lastKnownFileType = sourcecode.c.h; path = n0_iphone.h; sourceTree = "<group>"; };
		54C1B6B419C1135E00B2AE8A /* n0_windows.h */ = {isa = PBXFileReference; fileEncoding = 4; lastKnownFileType = sourcecode.c.h; path = n0_windows.h; sourceTree = "<group>"; };
		54C1B6B619C1135E00B2AE8A /* n0_ui.h */ = {isa = PBXFileReference; fileEncoding = 4; lastKnownFileType = sourcecode.c.h; path = n0_ui.h; sourceTree = "<group>"; };
		54C1B6B719C1135E00B2AE8A /* n0_UIButton.h */ = {isa = PBXFileReference; fileEncoding = 4; lastKnownFileType = sourcecode.c.h; path = n0_UIButton.h; sourceTree = "<group>"; };
		54C1B6B819C1135E00B2AE8A /* n0_UIDecorator.h */ = {isa = PBXFileReference; fileEncoding = 4; lastKnownFileType = sourcecode.c.h; path = n0_UIDecorator.h; sourceTree = "<group>"; };
		54C1B6B919C1135E00B2AE8A /* n0_UIManager.h */ = {isa = PBXFileReference; fileEncoding = 4; lastKnownFileType = sourcecode.c.h; path = n0_UIManager.h; sourceTree = "<group>"; };
		54C1B6BA19C1135E00B2AE8A /* n0_UIMouseOver.h */ = {isa = PBXFileReference; fileEncoding = 4; lastKnownFileType = sourcecode.c.h; path = n0_UIMouseOver.h; sourceTree = "<group>"; };
		54C1B6BB19C1135E00B2AE8A /* n0_UIObject.h */ = {isa = PBXFileReference; fileEncoding = 4; lastKnownFileType = sourcecode.c.h; path = n0_UIObject.h; sourceTree = "<group>"; };
		54C1B6BC19C1135E00B2AE8A /* n0_UIWindow.h */ = {isa = PBXFileReference; fileEncoding = 4; lastKnownFileType = sourcecode.c.h; path = n0_UIWindow.h; sourceTree = "<group>"; };
		54C1B6BD19C1135E00B2AE8A /* n0UIObject.h */ = {isa = PBXFileReference; fileEncoding = 4; lastKnownFileType = sourcecode.c.h; path = n0UIObject.h; sourceTree = "<group>"; };
		54C1B6C419C1135E00B2AE8A /* n0_InputEvents.cpp */ = {isa = PBXFileReference; fileEncoding = 4; lastKnownFileType = sourcecode.cpp.cpp; path = n0_InputEvents.cpp; sourceTree = "<group>"; };
		54C1B6C519C1135E00B2AE8A /* n0_Material.cpp */ = {isa = PBXFileReference; fileEncoding = 4; lastKnownFileType = sourcecode.cpp.cpp; path = n0_Material.cpp; sourceTree = "<group>"; };
		54C1B6C619C1135E00B2AE8A /* n0_MaterialManager.cpp */ = {isa = PBXFileReference; fileEncoding = 4; lastKnownFileType = sourcecode.cpp.cpp; path = n0_MaterialManager.cpp; sourceTree = "<group>"; };
		54C1B6C719C1135E00B2AE8A /* n0_mutex.cpp */ = {isa = PBXFileReference; fileEncoding = 4; lastKnownFileType = sourcecode.cpp.cpp; path = n0_mutex.cpp; sourceTree = "<group>"; };
		54C1B6C819C1135E00B2AE8A /* n0_RefManager.cpp */ = {isa = PBXFileReference; fileEncoding = 4; lastKnownFileType = sourcecode.cpp.cpp; path = n0_RefManager.cpp; sourceTree = "<group>"; };
		54C1B6C919C1135E00B2AE8A /* n0_Scene.cpp */ = {isa = PBXFileReference; fileEncoding = 4; lastKnownFileType = sourcecode.cpp.cpp; path = n0_Scene.cpp; sourceTree = "<group>"; };
		54C1B6CB19C1135E00B2AE8A /* n0_StaticBuffer.cpp */ = {isa = PBXFileReference; fileEncoding = 4; lastKnownFileType = sourcecode.cpp.cpp; path = n0_StaticBuffer.cpp; sourceTree = "<group>"; };
		54C1B6CC19C1135E00B2AE8A /* n0_texture.cpp */ = {isa = PBXFileReference; fileEncoding = 4; lastKnownFileType = sourcecode.cpp.cpp; path = n0_texture.cpp; sourceTree = "<group>"; };
		54C1B6CD19C1135E00B2AE8A /* n0_TextureManager.cpp */ = {isa = PBXFileReference; fileEncoding = 4; lastKnownFileType = sourcecode.cpp.cpp; path = n0_TextureManager.cpp; sourceTree = "<group>"; };
		54C1B6CE19C1135E00B2AE8A /* n0_Types.cpp */ = {isa = PBXFileReference; fileEncoding = 4; lastKnownFileType = sourcecode.cpp.cpp; path = n0_Types.cpp; sourceTree = "<group>"; };
		54C1B6EF19C1159C00B2AE8A /* libz.dylib */ = {isa = PBXFileReference; lastKnownFileType = "compiled.mach-o.dylib"; name = libz.dylib; path = usr/lib/libz.dylib; sourceTree = SDKROOT; };
		54C1B6F019C1159C00B2AE8A /* MessageUI.framework */ = {isa = PBXFileReference; lastKnownFileType = wrapper.framework; name = MessageUI.framework; path = System/Library/Frameworks/MessageUI.framework; sourceTree = SDKROOT; };
		54C1B6F119C1159C00B2AE8A /* Security.framework */ = {isa = PBXFileReference; lastKnownFileType = wrapper.framework; name = Security.framework; path = System/Library/Frameworks/Security.framework; sourceTree = SDKROOT; };
		54C1B6F219C1159C00B2AE8A /* Social.framework */ = {isa = PBXFileReference; lastKnownFileType = wrapper.framework; name = Social.framework; path = System/Library/Frameworks/Social.framework; sourceTree = SDKROOT; };
		54C1B6F319C1159C00B2AE8A /* SpriteKit.framework */ = {isa = PBXFileReference; lastKnownFileType = wrapper.framework; name = SpriteKit.framework; path = System/Library/Frameworks/SpriteKit.framework; sourceTree = SDKROOT; };
		54C1B6F419C1159C00B2AE8A /* StoreKit.framework */ = {isa = PBXFileReference; lastKnownFileType = wrapper.framework; name = StoreKit.framework; path = System/Library/Frameworks/StoreKit.framework; sourceTree = SDKROOT; };
		54C1B6F519C1159C00B2AE8A /* Twitter.framework */ = {isa = PBXFileReference; lastKnownFileType = wrapper.framework; name = Twitter.framework; path = System/Library/Frameworks/Twitter.framework; sourceTree = SDKROOT; };
		54C1B6F619C1159C00B2AE8A /* UIKit.framework */ = {isa = PBXFileReference; lastKnownFileType = wrapper.framework; name = UIKit.framework; path = System/Library/Frameworks/UIKit.framework; sourceTree = SDKROOT; };
		54C1B70119C118F500B2AE8A /* png.c */ = {isa = PBXFileReference; fileEncoding = 4; lastKnownFileType = sourcecode.c.c; name = png.c; path = ../../lib/png16/png.c; sourceTree = "<group>"; };
		54C1B70219C118F500B2AE8A /* png.h */ = {isa = PBXFileReference; fileEncoding = 4; lastKnownFileType = sourcecode.c.h; name = png.h; path = ../../lib/png16/png.h; sourceTree = "<group>"; };
		54C1B70319C118F500B2AE8A /* pngconf.h */ = {isa = PBXFileReference; fileEncoding = 4; lastKnownFileType = sourcecode.c.h; name = pngconf.h; path = ../../lib/png16/pngconf.h; sourceTree = "<group>"; };
		54C1B70419C118F500B2AE8A /* pngdebug.h */ = {isa = PBXFileReference; fileEncoding = 4; lastKnownFileType = sourcecode.c.h; name = pngdebug.h; path = ../../lib/png16/pngdebug.h; sourceTree = "<group>"; };
		54C1B70519C118F500B2AE8A /* pngerror.c */ = {isa = PBXFileReference; fileEncoding = 4; lastKnownFileType = sourcecode.c.c; name = pngerror.c; path = ../../lib/png16/pngerror.c; sourceTree = "<group>"; };
		54C1B70619C118F500B2AE8A /* pngget.c */ = {isa = PBXFileReference; fileEncoding = 4; lastKnownFileType = sourcecode.c.c; name = pngget.c; path = ../../lib/png16/pngget.c; sourceTree = "<group>"; };
		54C1B70719C118F500B2AE8A /* pnginfo.h */ = {isa = PBXFileReference; fileEncoding = 4; lastKnownFileType = sourcecode.c.h; name = pnginfo.h; path = ../../lib/png16/pnginfo.h; sourceTree = "<group>"; };
		54C1B70819C118F500B2AE8A /* pngmem.c */ = {isa = PBXFileReference; fileEncoding = 4; lastKnownFileType = sourcecode.c.c; name = pngmem.c; path = ../../lib/png16/pngmem.c; sourceTree = "<group>"; };
		54C1B70919C118F500B2AE8A /* pngpread.c */ = {isa = PBXFileReference; fileEncoding = 4; lastKnownFileType = sourcecode.c.c; name = pngpread.c; path = ../../lib/png16/pngpread.c; sourceTree = "<group>"; };
		54C1B70A19C118F500B2AE8A /* pngpriv.h */ = {isa = PBXFileReference; fileEncoding = 4; lastKnownFileType = sourcecode.c.h; name = pngpriv.h; path = ../../lib/png16/pngpriv.h; sourceTree = "<group>"; };
		54C1B70B19C118F500B2AE8A /* pngread.c */ = {isa = PBXFileReference; fileEncoding = 4; lastKnownFileType = sourcecode.c.c; name = pngread.c; path = ../../lib/png16/pngread.c; sourceTree = "<group>"; };
		54C1B70C19C118F500B2AE8A /* pngrio.c */ = {isa = PBXFileReference; fileEncoding = 4; lastKnownFileType = sourcecode.c.c; name = pngrio.c; path = ../../lib/png16/pngrio.c; sourceTree = "<group>"; };
		54C1B70D19C118F500B2AE8A /* pngrtran.c */ = {isa = PBXFileReference; fileEncoding = 4; lastKnownFileType = sourcecode.c.c; name = pngrtran.c; path = ../../lib/png16/pngrtran.c; sourceTree = "<group>"; };
		54C1B70E19C118F500B2AE8A /* pngrutil.c */ = {isa = PBXFileReference; fileEncoding = 4; lastKnownFileType = sourcecode.c.c; name = pngrutil.c; path = ../../lib/png16/pngrutil.c; sourceTree = "<group>"; };
		54C1B70F19C118F500B2AE8A /* pngset.c */ = {isa = PBXFileReference; fileEncoding = 4; lastKnownFileType = sourcecode.c.c; name = pngset.c; path = ../../lib/png16/pngset.c; sourceTree = "<group>"; };
		54C1B71019C118F500B2AE8A /* pngstruct.h */ = {isa = PBXFileReference; fileEncoding = 4; lastKnownFileType = sourcecode.c.h; name = pngstruct.h; path = ../../lib/png16/pngstruct.h; sourceTree = "<group>"; };
		54C1B71119C118F500B2AE8A /* pngtest.c */ = {isa = PBXFileReference; fileEncoding = 4; lastKnownFileType = sourcecode.c.c; name = pngtest.c; path = ../../lib/png16/pngtest.c; sourceTree = "<group>"; };
		54C1B71219C118F500B2AE8A /* pngtrans.c */ = {isa = PBXFileReference; fileEncoding = 4; lastKnownFileType = sourcecode.c.c; name = pngtrans.c; path = ../../lib/png16/pngtrans.c; sourceTree = "<group>"; };
		54C1B71319C118F500B2AE8A /* pngwio.c */ = {isa = PBXFileReference; fileEncoding = 4; lastKnownFileType = sourcecode.c.c; name = pngwio.c; path = ../../lib/png16/pngwio.c; sourceTree = "<group>"; };
		54C1B71419C118F500B2AE8A /* pngwrite.c */ = {isa = PBXFileReference; fileEncoding = 4; lastKnownFileType = sourcecode.c.c; name = pngwrite.c; path = ../../lib/png16/pngwrite.c; sourceTree = "<group>"; };
		54C1B71519C118F500B2AE8A /* pngwtran.c */ = {isa = PBXFileReference; fileEncoding = 4; lastKnownFileType = sourcecode.c.c; name = pngwtran.c; path = ../../lib/png16/pngwtran.c; sourceTree = "<group>"; };
		54C1B71619C118F500B2AE8A /* pngwutil.c */ = {isa = PBXFileReference; fileEncoding = 4; lastKnownFileType = sourcecode.c.c; name = pngwutil.c; path = ../../lib/png16/pngwutil.c; sourceTree = "<group>"; };
		54C1B75D19C11E8500B2AE8A /* n0_vector.h */ = {isa = PBXFileReference; lastKnownFileType = sourcecode.c.h; path = n0_vector.h; sourceTree = "<group>"; };
		54C1B75E19C11EE400B2AE8A /* n0_rect.h */ = {isa = PBXFileReference; lastKnownFileType = sourcecode.c.h; path = n0_rect.h; sourceTree = "<group>"; };
		54C1B75F19C11F5900B2AE8A /* n0_vertex.h */ = {isa = PBXFileReference; lastKnownFileType = sourcecode.c.h; path = n0_vertex.h; sourceTree = "<group>"; };
/* End PBXFileReference section */

/* Begin PBXFrameworksBuildPhase section */
		544B7C4419B4192D00888E3E /* Frameworks */ = {
			isa = PBXFrameworksBuildPhase;
			buildActionMask = 2147483647;
			files = (
				544B7CBA19B41A5A00888E3E /* Foundation.framework in Frameworks */,
				54C1B6F719C1159C00B2AE8A /* libz.dylib in Frameworks */,
				54C1B6F819C1159C00B2AE8A /* MessageUI.framework in Frameworks */,
				54C1B6F919C1159C00B2AE8A /* Security.framework in Frameworks */,
				54C1B6FA19C1159C00B2AE8A /* Social.framework in Frameworks */,
				54C1B6FB19C1159C00B2AE8A /* SpriteKit.framework in Frameworks */,
				54C1B6FC19C1159C00B2AE8A /* StoreKit.framework in Frameworks */,
				54C1B6FD19C1159C00B2AE8A /* Twitter.framework in Frameworks */,
				54C1B6FE19C1159C00B2AE8A /* UIKit.framework in Frameworks */,
				544B7CBF19B41A5A00888E3E /* QuartzCore.framework in Frameworks */,
				544B7CBB19B41A5A00888E3E /* GameKit.framework in Frameworks */,
				544B7CBC19B41A5A00888E3E /* GLKit.framework in Frameworks */,
				544B7CBD19B41A5A00888E3E /* OpenAL.framework in Frameworks */,
				544B7CBE19B41A5A00888E3E /* OpenGLES.framework in Frameworks */,
			);
			runOnlyForDeploymentPostprocessing = 0;
		};
/* End PBXFrameworksBuildPhase section */

/* Begin PBXGroup section */
		544B7C3E19B4192D00888E3E = {
			isa = PBXGroup;
			children = (
				54C1B6FF19C115B900B2AE8A /* lib */,
				54C1B6ED19C1136300B2AE8A /* n0 */,
				544B7C4819B4192D00888E3E /* Products */,
			);
			sourceTree = "<group>";
		};
		544B7C4819B4192D00888E3E /* Products */ = {
			isa = PBXGroup;
			children = (
				544B7C4719B4192D00888E3E /* libn0.a */,
			);
			name = Products;
			sourceTree = "<group>";
		};
		54C1B69519C1135E00B2AE8A /* include */ = {
			isa = PBXGroup;
			children = (
				54C1B69619C1135E00B2AE8A /* n0 */,
			);
			name = include;
			path = ../../include;
			sourceTree = "<group>";
		};
		54C1B69619C1135E00B2AE8A /* n0 */ = {
			isa = PBXGroup;
			children = (
				54C1B69719C1135E00B2AE8A /* IDrawable.h */,
				54C1B69819C1135E00B2AE8A /* IEventHandler.h */,
				54C1B69919C1135E00B2AE8A /* IEventListener.h */,
				54C1B69A19C1135E00B2AE8A /* IUpdateable.h */,
				54C1B69B19C1135E00B2AE8A /* n0.h */,
				54C1B69C19C1135E00B2AE8A /* n0_AchievementManager.h */,
				54C1B69D19C1135E00B2AE8A /* n0_AnimatedSprite.h */,
				54C1B69E19C1135E00B2AE8A /* n0_Array.h */,
				54C1B69F19C1135E00B2AE8A /* n0_Class.h */,
				54C1B6A019C1135E00B2AE8A /* n0_Defines.h */,
				54C1B6A119C1135E00B2AE8A /* n0_DelayTimer.h */,
				54C1B6A219C1135E00B2AE8A /* n0_Events.h */,
				54C1B6A319C1135E00B2AE8A /* n0_File.h */,
				54C1B6A419C1135E00B2AE8A /* n0_graphics.h */,
				54C1B6A519C1135E00B2AE8A /* n0_InputEvents.h */,
				54C1B6A619C1135E00B2AE8A /* n0_Material.h */,
				54C1B6A719C1135E00B2AE8A /* n0_MaterialManager.h */,
				54C1B6A819C1135E00B2AE8A /* n0_Mutex.h */,
				54C1B6A919C1135E00B2AE8A /* n0_platform.h */,
				54C1B75E19C11EE400B2AE8A /* n0_rect.h */,
				54C1B6AA19C1135E00B2AE8A /* n0_RefCounted.h */,
				54C1B6AB19C1135E00B2AE8A /* n0_scene.h */,
				54C1B6AC19C1135E00B2AE8A /* n0_sprite.h */,
				54C1B6AD19C1135E00B2AE8A /* n0_StaticBuffer.h */,
				54C1B6AE19C1135E00B2AE8A /* n0_Texture.h */,
				54C1B6AF19C1135E00B2AE8A /* n0_TextureManager.h */,
				54C1B6B019C1135E00B2AE8A /* n0_types.h */,
				54C1B75D19C11E8500B2AE8A /* n0_vector.h */,
				54C1B6B119C1135E00B2AE8A /* platform */,
				54C1B6B519C1135E00B2AE8A /* ui */,
				54C1B75F19C11F5900B2AE8A /* n0_vertex.h */,
			);
			path = n0;
			sourceTree = "<group>";
		};
		54C1B6B119C1135E00B2AE8A /* platform */ = {
			isa = PBXGroup;
			children = (
				54C1B6B219C1135E00B2AE8A /* n0_android.h */,
				54C1B6B319C1135E00B2AE8A /* n0_iphone.h */,
				54C1B6B419C1135E00B2AE8A /* n0_windows.h */,
			);
			path = platform;
			sourceTree = "<group>";
		};
		54C1B6B519C1135E00B2AE8A /* ui */ = {
			isa = PBXGroup;
			children = (
				54C1B6B619C1135E00B2AE8A /* n0_ui.h */,
				54C1B6B719C1135E00B2AE8A /* n0_UIButton.h */,
				54C1B6B819C1135E00B2AE8A /* n0_UIDecorator.h */,
				54C1B6B919C1135E00B2AE8A /* n0_UIManager.h */,
				54C1B6BA19C1135E00B2AE8A /* n0_UIMouseOver.h */,
				54C1B6BB19C1135E00B2AE8A /* n0_UIObject.h */,
				54C1B6BC19C1135E00B2AE8A /* n0_UIWindow.h */,
				54C1B6BD19C1135E00B2AE8A /* n0UIObject.h */,
			);
			path = ui;
			sourceTree = "<group>";
		};
		54C1B6BE19C1135E00B2AE8A /* src */ = {
			isa = PBXGroup;
			children = (
				54C1B6C419C1135E00B2AE8A /* n0_InputEvents.cpp */,
				54C1B6C519C1135E00B2AE8A /* n0_Material.cpp */,
				54C1B6C619C1135E00B2AE8A /* n0_MaterialManager.cpp */,
				54C1B6C719C1135E00B2AE8A /* n0_mutex.cpp */,
				54C1B6C819C1135E00B2AE8A /* n0_RefManager.cpp */,
				54C1B6C919C1135E00B2AE8A /* n0_Scene.cpp */,
				54C1B6CB19C1135E00B2AE8A /* n0_StaticBuffer.cpp */,
				54C1B6CC19C1135E00B2AE8A /* n0_texture.cpp */,
				54C1B6CD19C1135E00B2AE8A /* n0_TextureManager.cpp */,
				54C1B6CE19C1135E00B2AE8A /* n0_Types.cpp */,
				54C1B6CF19C1135E00B2AE8A /* platform */,
				54C1B6D219C1135E00B2AE8A /* UI */,
			);
			name = src;
			path = ../../src;
			sourceTree = "<group>";
		};
		54C1B6CF19C1135E00B2AE8A /* platform */ = {
			isa = PBXGroup;
			children = (
			);
			path = platform;
			sourceTree = "<group>";
		};
		54C1B6D219C1135E00B2AE8A /* UI */ = {
			isa = PBXGroup;
			children = (
			);
			path = UI;
			sourceTree = "<group>";
		};
		54C1B6ED19C1136300B2AE8A /* n0 */ = {
			isa = PBXGroup;
			children = (
				54C1B70019C118CD00B2AE8A /* png16 */,
				54C1B69519C1135E00B2AE8A /* include */,
				54C1B6BE19C1135E00B2AE8A /* src */,
			);
			name = n0;
			sourceTree = "<group>";
		};
		54C1B6FF19C115B900B2AE8A /* lib */ = {
			isa = PBXGroup;
			children = (
				54C1B6EF19C1159C00B2AE8A /* libz.dylib */,
				54C1B6F019C1159C00B2AE8A /* MessageUI.framework */,
				54C1B6F119C1159C00B2AE8A /* Security.framework */,
				54C1B6F219C1159C00B2AE8A /* Social.framework */,
				54C1B6F319C1159C00B2AE8A /* SpriteKit.framework */,
				54C1B6F419C1159C00B2AE8A /* StoreKit.framework */,
				54C1B6F519C1159C00B2AE8A /* Twitter.framework */,
				54C1B6F619C1159C00B2AE8A /* UIKit.framework */,
				544B7CB419B41A5A00888E3E /* Foundation.framework */,
				544B7CB519B41A5A00888E3E /* GameKit.framework */,
				544B7CB619B41A5A00888E3E /* GLKit.framework */,
				544B7CB719B41A5A00888E3E /* OpenAL.framework */,
				544B7CB819B41A5A00888E3E /* OpenGLES.framework */,
				544B7CB919B41A5A00888E3E /* QuartzCore.framework */,
			);
			name = lib;
			sourceTree = "<group>";
		};
		54C1B70019C118CD00B2AE8A /* png16 */ = {
			isa = PBXGroup;
			children = (
				54C1B70119C118F500B2AE8A /* png.c */,
				54C1B70219C118F500B2AE8A /* png.h */,
				54C1B70319C118F500B2AE8A /* pngconf.h */,
				54C1B70419C118F500B2AE8A /* pngdebug.h */,
				54C1B70519C118F500B2AE8A /* pngerror.c */,
				54C1B70619C118F500B2AE8A /* pngget.c */,
				54C1B70719C118F500B2AE8A /* pnginfo.h */,
				54C1B70819C118F500B2AE8A /* pngmem.c */,
				54C1B70919C118F500B2AE8A /* pngpread.c */,
				54C1B70A19C118F500B2AE8A /* pngpriv.h */,
				54C1B70B19C118F500B2AE8A /* pngread.c */,
				54C1B70C19C118F500B2AE8A /* pngrio.c */,
				54C1B70D19C118F500B2AE8A /* pngrtran.c */,
				54C1B70E19C118F500B2AE8A /* pngrutil.c */,
				54C1B70F19C118F500B2AE8A /* pngset.c */,
				54C1B71019C118F500B2AE8A /* pngstruct.h */,
				54C1B71119C118F500B2AE8A /* pngtest.c */,
				54C1B71219C118F500B2AE8A /* pngtrans.c */,
				54C1B71319C118F500B2AE8A /* pngwio.c */,
				54C1B71419C118F500B2AE8A /* pngwrite.c */,
				54C1B71519C118F500B2AE8A /* pngwtran.c */,
				54C1B71619C118F500B2AE8A /* pngwutil.c */,
			);
			name = png16;
			sourceTree = "<group>";
		};
/* End PBXGroup section */

/* Begin PBXNativeTarget section */
		544B7C4619B4192D00888E3E /* n0 */ = {
			isa = PBXNativeTarget;
			buildConfigurationList = 544B7C5819B4192D00888E3E /* Build configuration list for PBXNativeTarget "n0" */;
			buildPhases = (
				544B7C4319B4192D00888E3E /* Sources */,
				544B7C4419B4192D00888E3E /* Frameworks */,
				544B7C4519B4192D00888E3E /* CopyFiles */,
			);
			buildRules = (
			);
			dependencies = (
			);
			name = n0;
			productName = n0;
			productReference = 544B7C4719B4192D00888E3E /* libn0.a */;
			productType = "com.apple.product-type.library.static";
		};
/* End PBXNativeTarget section */

/* Begin PBXProject section */
		544B7C3F19B4192D00888E3E /* Project object */ = {
			isa = PBXProject;
			attributes = {
				LastUpgradeCheck = 0600;
				ORGANIZATIONNAME = "Norman van der Ploeg";
				TargetAttributes = {
					544B7C4619B4192D00888E3E = {
						CreatedOnToolsVersion = 6.0;
					};
				};
			};
			buildConfigurationList = 544B7C4219B4192D00888E3E /* Build configuration list for PBXProject "n0" */;
			compatibilityVersion = "Xcode 3.2";
			developmentRegion = English;
			hasScannedForEncodings = 0;
			knownRegions = (
				en,
			);
			mainGroup = 544B7C3E19B4192D00888E3E;
			productRefGroup = 544B7C4819B4192D00888E3E /* Products */;
			projectDirPath = "";
			projectRoot = "";
			targets = (
				544B7C4619B4192D00888E3E /* n0 */,
			);
		};
/* End PBXProject section */

/* Begin PBXSourcesBuildPhase section */
		544B7C4319B4192D00888E3E /* Sources */ = {
			isa = PBXSourcesBuildPhase;
			buildActionMask = 2147483647;
			files = (
				54C1B6DC19C1135E00B2AE8A /* n0_InputEvents.cpp in Sources */,
				54C1B71719C118F500B2AE8A /* png.c in Sources */,
				54C1B6E419C1135E00B2AE8A /* n0_texture.cpp in Sources */,
				54C1B6E019C1135E00B2AE8A /* n0_RefManager.cpp in Sources */,
				54C1B72619C118F500B2AE8A /* pngwutil.c in Sources */,
				54C1B71D19C118F500B2AE8A /* pngrio.c in Sources */,
				54C1B72219C118F500B2AE8A /* pngtrans.c in Sources */,
				54C1B6E319C1135E00B2AE8A /* n0_StaticBuffer.cpp in Sources */,
				54C1B6E119C1135E00B2AE8A /* n0_Scene.cpp in Sources */,
				54C1B72519C118F500B2AE8A /* pngwtran.c in Sources */,
				54C1B71B19C118F500B2AE8A /* pngpread.c in Sources */,
				54C1B6DF19C1135E00B2AE8A /* n0_mutex.cpp in Sources */,
				54C1B6DD19C1135E00B2AE8A /* n0_Material.cpp in Sources */,
				54C1B6E519C1135E00B2AE8A /* n0_TextureManager.cpp in Sources */,
				54C1B71F19C118F500B2AE8A /* pngrutil.c in Sources */,
				54C1B71919C118F500B2AE8A /* pngget.c in Sources */,
				54C1B71819C118F500B2AE8A /* pngerror.c in Sources */,
				54C1B71E19C118F500B2AE8A /* pngrtran.c in Sources */,
				54C1B72019C118F500B2AE8A /* pngset.c in Sources */,
				54C1B6DE19C1135E00B2AE8A /* n0_MaterialManager.cpp in Sources */,
				54C1B72319C118F500B2AE8A /* pngwio.c in Sources */,
				54C1B71C19C118F500B2AE8A /* pngread.c in Sources */,
				54C1B72119C118F500B2AE8A /* pngtest.c in Sources */,
				54C1B71A19C118F500B2AE8A /* pngmem.c in Sources */,
				54C1B6E619C1135E00B2AE8A /* n0_Types.cpp in Sources */,
				54C1B72419C118F500B2AE8A /* pngwrite.c in Sources */,
			);
			runOnlyForDeploymentPostprocessing = 0;
		};
/* End PBXSourcesBuildPhase section */

/* Begin XCBuildConfiguration section */
		544B7C5619B4192D00888E3E /* Debug */ = {
			isa = XCBuildConfiguration;
			buildSettings = {
				ALWAYS_SEARCH_USER_PATHS = NO;
				CLANG_CXX_LANGUAGE_STANDARD = "gnu++0x";
				CLANG_CXX_LIBRARY = "libc++";
				CLANG_ENABLE_MODULES = YES;
				CLANG_ENABLE_OBJC_ARC = YES;
				CLANG_WARN_BOOL_CONVERSION = YES;
				CLANG_WARN_CONSTANT_CONVERSION = YES;
				CLANG_WARN_DIRECT_OBJC_ISA_USAGE = YES_ERROR;
				CLANG_WARN_EMPTY_BODY = YES;
				CLANG_WARN_ENUM_CONVERSION = YES;
				CLANG_WARN_INT_CONVERSION = YES;
				CLANG_WARN_OBJC_ROOT_CLASS = YES_ERROR;
				CLANG_WARN_UNREACHABLE_CODE = YES;
				CLANG_WARN__DUPLICATE_METHOD_MATCH = YES;
				COPY_PHASE_STRIP = NO;
				ENABLE_STRICT_OBJC_MSGSEND = YES;
				GCC_C_LANGUAGE_STANDARD = gnu99;
				GCC_DYNAMIC_NO_PIC = NO;
				GCC_OPTIMIZATION_LEVEL = 0;
				GCC_PREPROCESSOR_DEFINITIONS = (
					"DEBUG=1",
					"$(inherited)",
				);
				GCC_SYMBOLS_PRIVATE_EXTERN = NO;
				GCC_WARN_64_TO_32_BIT_CONVERSION = YES;
				GCC_WARN_ABOUT_RETURN_TYPE = YES_ERROR;
				GCC_WARN_UNDECLARED_SELECTOR = YES;
				GCC_WARN_UNINITIALIZED_AUTOS = YES_AGGRESSIVE;
				GCC_WARN_UNUSED_FUNCTION = YES;
				GCC_WARN_UNUSED_VARIABLE = YES;
				IPHONEOS_DEPLOYMENT_TARGET = 8.0;
				MTL_ENABLE_DEBUG_INFO = YES;
				ONLY_ACTIVE_ARCH = YES;
				SDKROOT = iphoneos;
			};
			name = Debug;
		};
		544B7C5719B4192D00888E3E /* Release */ = {
			isa = XCBuildConfiguration;
			buildSettings = {
				ALWAYS_SEARCH_USER_PATHS = NO;
				CLANG_CXX_LANGUAGE_STANDARD = "gnu++0x";
				CLANG_CXX_LIBRARY = "libc++";
				CLANG_ENABLE_MODULES = YES;
				CLANG_ENABLE_OBJC_ARC = YES;
				CLANG_WARN_BOOL_CONVERSION = YES;
				CLANG_WARN_CONSTANT_CONVERSION = YES;
				CLANG_WARN_DIRECT_OBJC_ISA_USAGE = YES_ERROR;
				CLANG_WARN_EMPTY_BODY = YES;
				CLANG_WARN_ENUM_CONVERSION = YES;
				CLANG_WARN_INT_CONVERSION = YES;
				CLANG_WARN_OBJC_ROOT_CLASS = YES_ERROR;
				CLANG_WARN_UNREACHABLE_CODE = YES;
				CLANG_WARN__DUPLICATE_METHOD_MATCH = YES;
				COPY_PHASE_STRIP = YES;
				ENABLE_NS_ASSERTIONS = NO;
				ENABLE_STRICT_OBJC_MSGSEND = YES;
				GCC_C_LANGUAGE_STANDARD = gnu99;
				GCC_WARN_64_TO_32_BIT_CONVERSION = YES;
				GCC_WARN_ABOUT_RETURN_TYPE = YES_ERROR;
				GCC_WARN_UNDECLARED_SELECTOR = YES;
				GCC_WARN_UNINITIALIZED_AUTOS = YES_AGGRESSIVE;
				GCC_WARN_UNUSED_FUNCTION = YES;
				GCC_WARN_UNUSED_VARIABLE = YES;
				IPHONEOS_DEPLOYMENT_TARGET = 8.0;
				MTL_ENABLE_DEBUG_INFO = NO;
				SDKROOT = iphoneos;
				VALIDATE_PRODUCT = YES;
			};
			name = Release;
		};
		544B7C5919B4192D00888E3E /* Debug */ = {
			isa = XCBuildConfiguration;
			buildSettings = {
				HEADER_SEARCH_PATHS = (
					"$(inherited)",
					/Applications/Xcode.app/Contents/Developer/Toolchains/XcodeDefault.xctoolchain/usr/include,
					"$(SRCROOT)/../../include",
					"$(SRCROOT)/../../lib/png/png++",
					"$(SRCROOT)/../../include/n0/",
				);
				OTHER_CFLAGS = "-Dn0_IPHONE";
				OTHER_LDFLAGS = "-ObjC";
				PRODUCT_NAME = "$(TARGET_NAME)";
				SKIP_INSTALL = YES;
			};
			name = Debug;
		};
		544B7C5A19B4192D00888E3E /* Release */ = {
			isa = XCBuildConfiguration;
			buildSettings = {
				HEADER_SEARCH_PATHS = (
					"$(inherited)",
					/Applications/Xcode.app/Contents/Developer/Toolchains/XcodeDefault.xctoolchain/usr/include,
					"$(SRCROOT)/../../include",
					"$(SRCROOT)/../../lib/png/png++",
					"$(SRCROOT)/../../include/n0/",
				);
				OTHER_CFLAGS = "-Dn0_IPHONE";
				OTHER_LDFLAGS = "-ObjC";
				PRODUCT_NAME = "$(TARGET_NAME)";
				SKIP_INSTALL = YES;
			};
			name = Release;
		};
/* End XCBuildConfiguration section */

/* Begin XCConfigurationList section */
		544B7C4219B4192D00888E3E /* Build configuration list for PBXProject "n0" */ = {
			isa = XCConfigurationList;
			buildConfigurations = (
				544B7C5619B4192D00888E3E /* Debug */,
				544B7C5719B4192D00888E3E /* Release */,
			);
			defaultConfigurationIsVisible = 0;
			defaultConfigurationName = Release;
		};
		544B7C5819B4192D00888E3E /* Build configuration list for PBXNativeTarget "n0" */ = {
			isa = XCConfigurationList;
			buildConfigurations = (
				544B7C5919B4192D00888E3E /* Debug */,
				544B7C5A19B4192D00888E3E /* Release */,
			);
			defaultConfigurationIsVisible = 0;
			defaultConfigurationName = Release;
		};
/* End XCConfigurationList section */
	};
	rootObject = 544B7C3F19B4192D00888E3E /* Project object */;
}
